<?xml version="1.0" encoding="utf-8"?>
<Project ToolsVersion="4.0" xmlns="http://schemas.microsoft.com/developer/msbuild/2003">
  <ItemGroup>
    <Filter Include="Source Files">
      <UniqueIdentifier>{4FC737F1-C7A5-4376-A066-2A32D752A2FF}</UniqueIdentifier>
      <Extensions>cpp;c;cc;cxx;def;odl;idl;hpj;bat;asm;asmx</Extensions>
    </Filter>
    <Filter Include="Header Files">
      <UniqueIdentifier>{93995380-89BD-4b04-88EB-625FBE52EBFB}</UniqueIdentifier>
      <Extensions>h;hpp;hxx;hm;inl;inc;xsd</Extensions>
    </Filter>
    <Filter Include="Resource Files">
      <UniqueIdentifier>{67DA6AB6-F800-4c08-8B7A-83BB121AAD01}</UniqueIdentifier>
      <Extensions>rc;ico;cur;bmp;dlg;rc2;rct;bin;rgs;gif;jpg;jpeg;jpe;resx;tiff;tif;png;wav;mfcribbon-ms</Extensions>
    </Filter>
  </ItemGroup>
  <ItemGroup>
    <None Include="ReadMe.txt" />
  </ItemGroup>
  <ItemGroup>
    <ClInclude Include="stdafx.h">
      <Filter>Header Files</Filter>
    </ClInclude>
    <ClInclude Include="targetver.h">
      <Filter>Header Files</Filter>
    </ClInclude>
    <ClInclude Include="math_lib.h">
      <Filter>Header Files</Filter>
    </ClInclude>
    <ClInclude Include="segment_algo.h">
      <Filter>Header Files</Filter>
    </ClInclude>
    <ClInclude Include="simpson_integral_comp.h">
      <Filter>Header Files</Filter>
    </ClInclude>
    <ClInclude Include="astronomy.h">
      <Filter>Header Files</Filter>
    </ClInclude>
    <ClInclude Include="rkdp78.h">
      <Filter>Header Files</Filter>
    </ClInclude>
    <ClInclude Include="gravity_field.h">
      <Filter>Header Files</Filter>
    </ClInclude>
    <ClInclude Include="magnit.h">
      <Filter>Header Files</Filter>
    </ClInclude>
    <ClInclude Include="orbitde.h">
      <Filter>Header Files</Filter>
    </ClInclude>
    <ClInclude Include="quat.h">
      <Filter>Header Files</Filter>
    </ClInclude>
  </ItemGroup>
  <ItemGroup>
    <ClCompile Include="stdafx.cpp">
      <Filter>Source Files</Filter>
    </ClCompile>
    <ClCompile Include="math_lib.cpp">
      <Filter>Source Files</Filter>
    </ClCompile>
    <ClCompile Include="segment_algo.cpp">
      <Filter>Source Files</Filter>
    </ClCompile>
    <ClCompile Include="simpson_integral_comp.cpp">
      <Filter>Source Files</Filter>
    </ClCompile>
    <ClCompile Include="astronomy.cpp">
      <Filter>Source Files</Filter>
    </ClCompile>
    <ClCompile Include="rkpd78.cpp">
      <Filter>Source Files</Filter>
    </ClCompile>
    <ClCompile Include="gravity_field.cpp">
      <Filter>Source Files</Filter>
    </ClCompile>
    <ClCompile Include="magnit.cpp">
      <Filter>Source Files</Filter>
    </ClCompile>
    <ClCompile Include="orbitde.cpp">
      <Filter>Source Files</Filter>
    </ClCompile>
    <ClCompile Include="quat.cpp">
      <Filter>Source Files</Filter>
    </ClCompile>
  </ItemGroup>
</Project>