
Microsoft Visual Studio Solution File, Format Version 11.00
# Visual Studio 2010
Project("{8BC9CEB8-8B4A-11D0-8D11-00A0C91BC942}") = "math_lib", "math_lib.vcxproj", "{642FC654-BCB5-4B9E-828F-252B3279363B}"
EndProject
Global
	GlobalSection(SolutionConfigurationPlatforms) = preSolution
		Debug|Win32 = Debug|Win32
		Release|Win32 = Release|Win32
	EndGlobalSection
	GlobalSection(ProjectConfigurationPlatforms) = postSolution
		{642FC654-BCB5-4B9E-828F-252B3279363B}.Debug|Win32.ActiveCfg = Debug|Win32
		{642FC654-BCB5-4B9E-828F-252B3279363B}.Debug|Win32.Build.0 = Debug|Win32
		{642FC654-BCB5-4B9E-828F-252B3279363B}.Release|Win32.ActiveCfg = Release|Win32
		{642FC654-BCB5-4B9E-828F-252B3279363B}.Release|Win32.Build.0 = Release|Win32
	EndGlobalSection
	GlobalSection(SolutionProperties) = preSolution
		HideSolutionNode = FALSE
	EndGlobalSection
EndGlobal
